{
  "schemaVersion": 1,
  "platform": "linux/arm64",
  "images": {
    "go": "docker.io/library/golang:1.26.5-alpine@sha256:0178a641fbb4858c5f1b48e34bdaabe0350a330a1b1149aabd498d0699ff5fb2",
    "alpine": "docker.io/library/alpine:3.22@sha256:5291449c3df73caf6ed85e649dec1b9e818b39a5d8c871e97afc13e9cd5e8fa8",
    "node": "docker.io/library/node:22-alpine@sha256:0a7108bf6c7bf5de370ffb1a3ed6be93d405b43ff159f681a8d18c0e2bc2e402",
    "keycloak": "quay.io/keycloak/keycloak:26.2.5@sha256:4883630ef9db14031cde3e60700c9a9a8eaf1b5c24db1589d6a2d43de38ba2a9",
    "postgres": "docker.io/library/postgres:18-alpine@sha256:77f585114c32fbca283dc835b0596f4e52b51b4c6662d7810b2f4084f60a1873",
    "dragonfly": "docker.dragonflydb.io/dragonflydb/dragonfly:v1.34.2@sha256:d5312167ab5125f916218e71994323800926038eb284e2da8ed41d47e9c2b44e",
    "rabbitmq": "docker.io/library/rabbitmq:4.1.3-management-alpine@sha256:7be3e8a1cf96af968cda654d7a80fd6e9faf036da6acb3927b784944c6502f58",
    "caddy": "docker.io/library/caddy:2.10-alpine@sha256:4c6e91c6ed0e2fa03efd5b44747b625fec79bc9cd06ac5235a779726618e530d",
    "litellm": "docker.litellm.ai/berriai/litellm:latest@sha256:625981c83410a3ea68eb0697590a57ec1d764d634514d54fa5db0591077ee839"
  }
}
