{
  "name": "@inspection/dashboard",
  "version": "0.1.0",
  "lockfileVersion": 3,
  "requires": true,
  "packages": {
    "": {
      "name": "@inspection/dashboard",
      "version": "0.1.0",
      "dependencies": {
        "@inspection/design-system": "0.1.0",
        "next": "15.5.25",
        "react": "19.1.1",
        "react-dom": "19.1.1"
      }
    }
  }
}
